// !$*UTF8*$!
{
	archiveVersion = 1;
	classes = {
	};
	objectVersion = 46;
	objects = {

/* Begin PBXBuildFile section */
		3580E4F91B589BCE00512382 /* AppDelegate.swift in Sources */ = {isa = PBXBuildFile; fileRef = 3580E4F81B589BCE00512382 /* AppDelegate.swift */; };
		3580E4FB1B589BCE00512382 /* ViewController.swift in Sources */ = {isa = PBXBuildFile; fileRef = 3580E4FA1B589BCE00512382 /* ViewController.swift */; };
		3580E4FE1B589BCE00512382 /* Main.storyboard in Resources */ = {isa = PBXBuildFile; fileRef = 3580E4FC1B589BCE00512382 /* Main.storyboard */; };
		3580E5001B589BCE00512382 /* Images.xcassets in Resources */ = {isa = PBXBuildFile; fileRef = 3580E4FF1B589BCE00512382 /* Images.xcassets */; };
		3580E5031B589BCE00512382 /* LaunchScreen.xib in Resources */ = {isa = PBXBuildFile; fileRef = 3580E5011B589BCE00512382 /* LaunchScreen.xib */; };
		3580E50F1B589BCE00512382 /* EffectsModalSegueTests.swift in Sources */ = {isa = PBXBuildFile; fileRef = 3580E50E1B589BCE00512382 /* EffectsModalSegueTests.swift */; };
/* End PBXBuildFile section */

/* Begin PBXContainerItemProxy section */
		3580E5091B589BCE00512382 /* PBXContainerItemProxy */ = {
			isa = PBXContainerItemProxy;
			containerPortal = 3580E4EB1B589BCE00512382 /* Project object */;
			proxyType = 1;
			remoteGlobalIDString = 3580E4F21B589BCE00512382;
			remoteInfo = EffectsModalSegue;
		};
/* End PBXContainerItemProxy section */

/* Begin PBXFileReference section */
		3580E4F31B589BCE00512382 /* EffectsModalSegue.app */ = {isa = PBXFileReference; explicitFileType = wrapper.application; includeInIndex = 0; path = EffectsModalSegue.app; sourceTree = BUILT_PRODUCTS_DIR; };
		3580E4F71B589BCE00512382 /* Info.plist */ = {isa = PBXFileReference; lastKnownFileType = text.plist.xml; path = Info.plist; sourceTree = "<group>"; };
		3580E4F81B589BCE00512382 /* AppDelegate.swift */ = {isa = PBXFileReference; lastKnownFileType = sourcecode.swift; path = AppDelegate.swift; sourceTree = "<group>"; };
		3580E4FA1B589BCE00512382 /* ViewController.swift */ = {isa = PBXFileReference; lastKnownFileType = sourcecode.swift; path = ViewController.swift; sourceTree = "<group>"; };
		3580E4FD1B589BCE00512382 /* Base */ = {isa = PBXFileReference; lastKnownFileType = file.storyboard; name = Base; path = Base.lproj/Main.storyboard; sourceTree = "<group>"; };
		3580E4FF1B589BCE00512382 /* Images.xcassets */ = {isa = PBXFileReference; lastKnownFileType = folder.assetcatalog; path = Images.xcassets; sourceTree = "<group>"; };
		3580E5021B589BCE00512382 /* Base */ = {isa = PBXFileReference; lastKnownFileType = file.xib; name = Base; path = Base.lproj/LaunchScreen.xib; sourceTree = "<group>"; };
		3580E5081B589BCE00512382 /* EffectsModalSegueTests.xctest */ = {isa = PBXFileReference; explicitFileType = wrapper.cfbundle; includeInIndex = 0; path = EffectsModalSegueTests.xctest; sourceTree = BUILT_PRODUCTS_DIR; };
		3580E50D1B589BCE00512382 /* Info.plist */ = {isa = PBXFileReference; lastKnownFileType = text.plist.xml; path = Info.plist; sourceTree = "<group>"; };
		3580E50E1B589BCE00512382 /* EffectsModalSegueTests.swift */ = {isa = PBXFileReference; lastKnownFileType = sourcecode.swift; path = EffectsModalSegueTests.swift; sourceTree = "<group>"; };
/* End PBXFileReference section */

/* Begin PBXFrameworksBuildPhase section */
		3580E4F01B589BCE00512382 /* Frameworks */ = {
			isa = PBXFrameworksBuildPhase;
			buildActionMask = 2147483647;
			files = (
			);
			runOnlyForDeploymentPostprocessing = 0;
		};
		3580E5051B589BCE00512382 /* Frameworks */ = {
			isa = PBXFrameworksBuildPhase;
			buildActionMask = 2147483647;
			files = (
			);
			runOnlyForDeploymentPostprocessing = 0;
		};
/* End PBXFrameworksBuildPhase section */

/* Begin PBXGroup section */
		3580E4EA1B589BCE00512382 = {
			isa = PBXGroup;
			children = (
				3580E4F51B589BCE00512382 /* EffectsModalSegue */,
				3580E50B1B589BCE00512382 /* EffectsModalSegueTests */,
				3580E4F41B589BCE00512382 /* Products */,
			);
			sourceTree = "<group>";
		};
		3580E4F41B589BCE00512382 /* Products */ = {
			isa = PBXGroup;
			children = (
				3580E4F31B589BCE00512382 /* EffectsModalSegue.app */,
				3580E5081B589BCE00512382 /* EffectsModalSegueTests.xctest */,
			);
			name = Products;
			sourceTree = "<group>";
		};
		3580E4F51B589BCE00512382 /* EffectsModalSegue */ = {
			isa = PBXGroup;
			children = (
				3580E4F81B589BCE00512382 /* AppDelegate.swift */,
				3580E4FA1B589BCE00512382 /* ViewController.swift */,
				3580E4FC1B589BCE00512382 /* Main.storyboard */,
				3580E4FF1B589BCE00512382 /* Images.xcassets */,
				3580E5011B589BCE00512382 /* LaunchScreen.xib */,
				3580E4F61B589BCE00512382 /* Supporting Files */,
			);
			path = EffectsModalSegue;
			sourceTree = "<group>";
		};
		3580E4F61B589BCE00512382 /* Supporting Files */ = {
			isa = PBXGroup;
			children = (
				3580E4F71B589BCE00512382 /* Info.plist */,
			);
			name = "Supporting Files";
			sourceTree = "<group>";
		};
		3580E50B1B589BCE00512382 /* EffectsModalSegueTests */ = {
			isa = PBXGroup;
			children = (
				3580E50E1B589BCE00512382 /* EffectsModalSegueTests.swift */,
				3580E50C1B589BCE00512382 /* Supporting Files */,
			);
			path = EffectsModalSegueTests;
			sourceTree = "<group>";
		};
		3580E50C1B589BCE00512382 /* Supporting Files */ = {
			isa = PBXGroup;
			children = (
				3580E50D1B589BCE00512382 /* Info.plist */,
			);
			name = "Supporting Files";
			sourceTree = "<group>";
		};
/* End PBXGroup section */

/* Begin PBXNativeTarget section */
		3580E4F21B589BCE00512382 /* EffectsModalSegue */ = {
			isa = PBXNativeTarget;
			buildConfigurationList = 3580E5121B589BCE00512382 /* Build configuration list for PBXNativeTarget "EffectsModalSegue" */;
			buildPhases = (
				3580E4EF1B589BCE00512382 /* Sources */,
				3580E4F01B589BCE00512382 /* Frameworks */,
				3580E4F11B589BCE00512382 /* Resources */,
			);
			buildRules = (
			);
			dependencies = (
			);
			name = EffectsModalSegue;
			productName = EffectsModalSegue;
			productReference = 3580E4F31B589BCE00512382 /* EffectsModalSegue.app */;
			productType = "com.apple.product-type.application";
		};
		3580E5071B589BCE00512382 /* EffectsModalSegueTests */ = {
			isa = PBXNativeTarget;
			buildConfigurationList = 3580E5151B589BCE00512382 /* Build configuration list for PBXNativeTarget "EffectsModalSegueTests" */;
			buildPhases = (
				3580E5041B589BCE00512382 /* Sources */,
				3580E5051B589BCE00512382 /* Frameworks */,
				3580E5061B589BCE00512382 /* Resources */,
			);
			buildRules = (
			);
			dependencies = (
				3580E50A1B589BCE00512382 /* PBXTargetDependency */,
			);
			name = EffectsModalSegueTests;
			productName = EffectsModalSegueTests;
			productReference = 3580E5081B589BCE00512382 /* EffectsModalSegueTests.xctest */;
			productType = "com.apple.product-type.bundle.unit-test";
		};
/* End PBXNativeTarget section */

/* Begin PBXProject section */
		3580E4EB1B589BCE00512382 /* Project object */ = {
			isa = PBXProject;
			attributes = {
				LastUpgradeCheck = 0640;
				ORGANIZATIONNAME = reese;
				TargetAttributes = {
					3580E4F21B589BCE00512382 = {
						CreatedOnToolsVersion = 6.3.2;
					};
					3580E5071B589BCE00512382 = {
						CreatedOnToolsVersion = 6.3.2;
						TestTargetID = 3580E4F21B589BCE00512382;
					};
				};
			};
			buildConfigurationList = 3580E4EE1B589BCE00512382 /* Build configuration list for PBXProject "EffectsModalSegue" */;
			compatibilityVersion = "Xcode 3.2";
			developmentRegion = English;
			hasScannedForEncodings = 0;
			knownRegions = (
				en,
				Base,
			);
			mainGroup = 3580E4EA1B589BCE00512382;
			productRefGroup = 3580E4F41B589BCE00512382 /* Products */;
			projectDirPath = "";
			projectRoot = "";
			targets = (
				3580E4F21B589BCE00512382 /* EffectsModalSegue */,
				3580E5071B589BCE00512382 /* EffectsModalSegueTests */,
			);
		};
/* End PBXProject section */

/* Begin PBXResourcesBuildPhase section */
		3580E4F11B589BCE00512382 /* Resources */ = {
			isa = PBXResourcesBuildPhase;
			buildActionMask = 2147483647;
			files = (
				3580E4FE1B589BCE00512382 /* Main.storyboard in Resources */,
				3580E5031B589BCE00512382 /* LaunchScreen.xib in Resources */,
				3580E5001B589BCE00512382 /* Images.xcassets in Resources */,
			);
			runOnlyForDeploymentPostprocessing = 0;
		};
		3580E5061B589BCE00512382 /* Resources */ = {
			isa = PBXResourcesBuildPhase;
			buildActionMask = 2147483647;
			files = (
			);
			runOnlyForDeploymentPostprocessing = 0;
		};
/* End PBXResourcesBuildPhase section */

/* Begin PBXSourcesBuildPhase section */
		3580E4EF1B589BCE00512382 /* Sources */ = {
			isa = PBXSourcesBuildPhase;
			buildActionMask = 2147483647;
			files = (
				3580E4FB1B589BCE00512382 /* ViewController.swift in Sources */,
				3580E4F91B589BCE00512382 /* AppDelegate.swift in Sources */,
			);
			runOnlyForDeploymentPostprocessing = 0;
		};
		3580E5041B589BCE00512382 /* Sources */ = {
			isa = PBXSourcesBuildPhase;
			buildActionMask = 2147483647;
			files = (
				3580E50F1B589BCE00512382 /* EffectsModalSegueTests.swift in Sources */,
			);
			runOnlyForDeploymentPostprocessing = 0;
		};
/* End PBXSourcesBuildPhase section */

/* Begin PBXTargetDependency section */
		3580E50A1B589BCE00512382 /* PBXTargetDependency */ = {
			isa = PBXTargetDependency;
			target = 3580E4F21B589BCE00512382 /* EffectsModalSegue */;
			targetProxy = 3580E5091B589BCE00512382 /* PBXContainerItemProxy */;
		};
/* End PBXTargetDependency section */

/* Begin PBXVariantGroup section */
		3580E4FC1B589BCE00512382 /* Main.storyboard */ = {
			isa = PBXVariantGroup;
			children = (
				3580E4FD1B589BCE00512382 /* Base */,
			);
			name = Main.storyboard;
			sourceTree = "<group>";
		};
		3580E5011B589BCE00512382 /* LaunchScreen.xib */ = {
			isa = PBXVariantGroup;
			children = (
				3580E5021B589BCE00512382 /* Base */,
			);
			name = LaunchScreen.xib;
			sourceTree = "<group>";
		};
/* End PBXVariantGroup section */

/* Begin XCBuildConfiguration section */
		3580E5101B589BCE00512382 /* Debug */ = {
			isa = XCBuildConfiguration;
			buildSettings = {
				ALWAYS_SEARCH_USER_PATHS = NO;
				CLANG_CXX_LANGUAGE_STANDARD = "gnu++0x";
				CLANG_CXX_LIBRARY = "libc++";
				CLANG_ENABLE_MODULES = YES;
				CLANG_ENABLE_OBJC_ARC = YES;
				CLANG_WARN_BOOL_CONVERSION = YES;
				CLANG_WARN_CONSTANT_CONVERSION = YES;
				CLANG_WARN_DIRECT_OBJC_ISA_USAGE = YES_ERROR;
				CLANG_WARN_EMPTY_BODY = YES;
				CLANG_WARN_ENUM_CONVERSION = YES;
				CLANG_WARN_INT_CONVERSION = YES;
				CLANG_WARN_OBJC_ROOT_CLASS = YES_ERROR;
				CLANG_WARN_UNREACHABLE_CODE = YES;
				CLANG_WARN__DUPLICATE_METHOD_MATCH = YES;
				"CODE_SIGN_IDENTITY[sdk=iphoneos*]" = "iPhone Developer";
				COPY_PHASE_STRIP = NO;
				DEBUG_INFORMATION_FORMAT = "dwarf-with-dsym";
				ENABLE_STRICT_OBJC_MSGSEND = YES;
				GCC_C_LANGUAGE_STANDARD = gnu99;
				GCC_DYNAMIC_NO_PIC = NO;
				GCC_NO_COMMON_BLOCKS = YES;
				GCC_OPTIMIZATION_LEVEL = 0;
				GCC_PREPROCESSOR_DEFINITIONS = (
					"DEBUG=1",
					"$(inherited)",
				);
				GCC_SYMBOLS_PRIVATE_EXTERN = NO;
				GCC_WARN_64_TO_32_BIT_CONVERSION = YES;
				GCC_WARN_ABOUT_RETURN_TYPE = YES_ERROR;
				GCC_WARN_UNDECLARED_SELECTOR = YES;
				GCC_WARN_UNINITIALIZED_AUTOS = YES_AGGRESSIVE;
				GCC_WARN_UNUSED_FUNCTION = YES;
				GCC_WARN_UNUSED_VARIABLE = YES;
				IPHONEOS_DEPLOYMENT_TARGET = 8.3;
				MTL_ENABLE_DEBUG_INFO = YES;
				ONLY_ACTIVE_ARCH = YES;
				SDKROOT = iphoneos;
				SWIFT_OPTIMIZATION_LEVEL = "-Onone";
			};
			name = Debug;
		};
		3580E5111B589BCE00512382 /* Release */ = {
			isa = XCBuildConfiguration;
			buildSettings = {
				ALWAYS_SEARCH_USER_PATHS = NO;
				CLANG_CXX_LANGUAGE_STANDARD = "gnu++0x";
				CLANG_CXX_LIBRARY = "libc++";
				CLANG_ENABLE_MODULES = YES;
				CLANG_ENABLE_OBJC_ARC = YES;
				CLANG_WARN_BOOL_CONVERSION = YES;
				CLANG_WARN_CONSTANT_CONVERSION = YES;
				CLANG_WARN_DIRECT_OBJC_ISA_USAGE = YES_ERROR;
				CLANG_WARN_EMPTY_BODY = YES;
				CLANG_WARN_ENUM_CONVERSION = YES;
				CLANG_WARN_INT_CONVERSION = YES;
				CLANG_WARN_OBJC_ROOT_CLASS = YES_ERROR;
				CLANG_WARN_UNREACHABLE_CODE = YES;
				CLANG_WARN__DUPLICATE_METHOD_MATCH = YES;
				"CODE_SIGN_IDENTITY[sdk=iphoneos*]" = "iPhone Developer";
				COPY_PHASE_STRIP = NO;
				DEBUG_INFORMATION_FORMAT = "dwarf-with-dsym";
				ENABLE_NS_ASSERTIONS = NO;
				ENABLE_STRICT_OBJC_MSGSEND = YES;
				GCC_C_LANGUAGE_STANDARD = gnu99;
				GCC_NO_COMMON_BLOCKS = YES;
				GCC_WARN_64_TO_32_BIT_CONVERSION = YES;
				GCC_WARN_ABOUT_RETURN_TYPE = YES_ERROR;
				GCC_WARN_UNDECLARED_SELECTOR = YES;
				GCC_WARN_UNINITIALIZED_AUTOS = YES_AGGRESSIVE;
				GCC_WARN_UNUSED_FUNCTION = YES;
				GCC_WARN_UNUSED_VARIABLE = YES;
				IPHONEOS_DEPLOYMENT_TARGET = 8.3;
				MTL_ENABLE_DEBUG_INFO = NO;
				SDKROOT = iphoneos;
				VALIDATE_PRODUCT = YES;
			};
			name = Release;
		};
		3580E5131B589BCE00512382 /* Debug */ = {
			isa = XCBuildConfiguration;
			buildSettings = {
				ASSETCATALOG_COMPILER_APPICON_NAME = AppIcon;
				INFOPLIST_FILE = EffectsModalSegue/Info.plist;
				LD_RUNPATH_SEARCH_PATHS = "$(inherited) @executable_path/Frameworks";
				PRODUCT_NAME = "$(TARGET_NAME)";
			};
			name = Debug;
		};
		3580E5141B589BCE00512382 /* Release */ = {
			isa = XCBuildConfiguration;
			buildSettings = {
				ASSETCATALOG_COMPILER_APPICON_NAME = AppIcon;
				INFOPLIST_FILE = EffectsModalSegue/Info.plist;
				LD_RUNPATH_SEARCH_PATHS = "$(inherited) @executable_path/Frameworks";
				PRODUCT_NAME = "$(TARGET_NAME)";
			};
			name = Release;
		};
		3580E5161B589BCE00512382 /* Debug */ = {
			isa = XCBuildConfiguration;
			buildSettings = {
				BUNDLE_LOADER = "$(TEST_HOST)";
				FRAMEWORK_SEARCH_PATHS = (
					"$(SDKROOT)/Developer/Library/Frameworks",
					"$(inherited)",
				);
				GCC_PREPROCESSOR_DEFINITIONS = (
					"DEBUG=1",
					"$(inherited)",
				);
				INFOPLIST_FILE = EffectsModalSegueTests/Info.plist;
				LD_RUNPATH_SEARCH_PATHS = "$(inherited) @executable_path/Frameworks @loader_path/Frameworks";
				PRODUCT_NAME = "$(TARGET_NAME)";
				TEST_HOST = "$(BUILT_PRODUCTS_DIR)/EffectsModalSegue.app/EffectsModalSegue";
			};
			name = Debug;
		};
		3580E5171B589BCE00512382 /* Release */ = {
			isa = XCBuildConfiguration;
			buildSettings = {
				BUNDLE_LOADER = "$(TEST_HOST)";
				FRAMEWORK_SEARCH_PATHS = (
					"$(SDKROOT)/Developer/Library/Frameworks",
					"$(inherited)",
				);
				INFOPLIST_FILE = EffectsModalSegueTests/Info.plist;
				LD_RUNPATH_SEARCH_PATHS = "$(inherited) @executable_path/Frameworks @loader_path/Frameworks";
				PRODUCT_NAME = "$(TARGET_NAME)";
				TEST_HOST = "$(BUILT_PRODUCTS_DIR)/EffectsModalSegue.app/EffectsModalSegue";
			};
			name = Release;
		};
/* End XCBuildConfiguration section */

/* Begin XCConfigurationList section */
		3580E4EE1B589BCE00512382 /* Build configuration list for PBXProject "EffectsModalSegue" */ = {
			isa = XCConfigurationList;
			buildConfigurations = (
				3580E5101B589BCE00512382 /* Debug */,
				3580E5111B589BCE00512382 /* Release */,
			);
			defaultConfigurationIsVisible = 0;
			defaultConfigurationName = Release;
		};
		3580E5121B589BCE00512382 /* Build configuration list for PBXNativeTarget "EffectsModalSegue" */ = {
			isa = XCConfigurationList;
			buildConfigurations = (
				3580E5131B589BCE00512382 /* Debug */,
				3580E5141B589BCE00512382 /* Release */,
			);
			defaultConfigurationIsVisible = 0;
		};
		3580E5151B589BCE00512382 /* Build configuration list for PBXNativeTarget "EffectsModalSegueTests" */ = {
			isa = XCConfigurationList;
			buildConfigurations = (
				3580E5161B589BCE00512382 /* Debug */,
				3580E5171B589BCE00512382 /* Release */,
			);
			defaultConfigurationIsVisible = 0;
		};
/* End XCConfigurationList section */
	};
	rootObject = 3580E4EB1B589BCE00512382 /* Project object */;
}
